// !$*UTF8*$!
{
	archiveVersion = 1;
	classes = {
	};
	objectVersion = 48;
	objects = {

/* Begin PBXBuildFile section */
		28292CA92016AA4500C72236 /* AppDelegate.swift in Sources */ = {isa = PBXBuildFile; fileRef = 28292CA82016AA4500C72236 /* AppDelegate.swift */; };
		28292CAB2016AA4500C72236 /* ViewController.swift in Sources */ = {isa = PBXBuildFile; fileRef = 28292CAA2016AA4500C72236 /* ViewController.swift */; };
		28292CAE2016AA4500C72236 /* Main.storyboard in Resources */ = {isa = PBXBuildFile; fileRef = 28292CAC2016AA4500C72236 /* Main.storyboard */; };
		28292CB02016AA4500C72236 /* Assets.xcassets in Resources */ = {isa = PBXBuildFile; fileRef = 28292CAF2016AA4500C72236 /* Assets.xcassets */; };
		28292CB32016AA4500C72236 /* LaunchScreen.storyboard in Resources */ = {isa = PBXBuildFile; fileRef = 28292CB12016AA4500C72236 /* LaunchScreen.storyboard */; };
		28292CBE2016AA4500C72236 /* Tip_CalculatorTests.swift in Sources */ = {isa = PBXBuildFile; fileRef = 28292CBD2016AA4500C72236 /* Tip_CalculatorTests.swift */; };
		28292CC92016AA4500C72236 /* Tip_CalculatorUITests.swift in Sources */ = {isa = PBXBuildFile; fileRef = 28292CC82016AA4500C72236 /* Tip_CalculatorUITests.swift */; };
/* End PBXBuildFile section */

/* Begin PBXContainerItemProxy section */
		28292CBA2016AA4500C72236 /* PBXContainerItemProxy */ = {
			isa = PBXContainerItemProxy;
			containerPortal = 28292C9D2016AA4500C72236 /* Project object */;
			proxyType = 1;
			remoteGlobalIDString = 28292CA42016AA4500C72236;
			remoteInfo = "Tip Calculator";
		};
		28292CC52016AA4500C72236 /* PBXContainerItemProxy */ = {
			isa = PBXContainerItemProxy;
			containerPortal = 28292C9D2016AA4500C72236 /* Project object */;
			proxyType = 1;
			remoteGlobalIDString = 28292CA42016AA4500C72236;
			remoteInfo = "Tip Calculator";
		};
/* End PBXContainerItemProxy section */

/* Begin PBXFileReference section */
		28292CA52016AA4500C72236 /* Tip Calculator.app */ = {isa = PBXFileReference; explicitFileType = wrapper.application; includeInIndex = 0; path = "Tip Calculator.app"; sourceTree = BUILT_PRODUCTS_DIR; };
		28292CA82016AA4500C72236 /* AppDelegate.swift */ = {isa = PBXFileReference; lastKnownFileType = sourcecode.swift; path = AppDelegate.swift; sourceTree = "<group>"; };
		28292CAA2016AA4500C72236 /* ViewController.swift */ = {isa = PBXFileReference; lastKnownFileType = sourcecode.swift; path = ViewController.swift; sourceTree = "<group>"; };
		28292CAD2016AA4500C72236 /* Base */ = {isa = PBXFileReference; lastKnownFileType = file.storyboard; name = Base; path = Base.lproj/Main.storyboard; sourceTree = "<group>"; };
		28292CAF2016AA4500C72236 /* Assets.xcassets */ = {isa = PBXFileReference; lastKnownFileType = folder.assetcatalog; path = Assets.xcassets; sourceTree = "<group>"; };
		28292CB22016AA4500C72236 /* Base */ = {isa = PBXFileReference; lastKnownFileType = file.storyboard; name = Base; path = Base.lproj/LaunchScreen.storyboard; sourceTree = "<group>"; };
		28292CB42016AA4500C72236 /* Info.plist */ = {isa = PBXFileReference; lastKnownFileType = text.plist.xml; path = Info.plist; sourceTree = "<group>"; };
		28292CB92016AA4500C72236 /* Tip CalculatorTests.xctest */ = {isa = PBXFileReference; explicitFileType = wrapper.cfbundle; includeInIndex = 0; path = "Tip CalculatorTests.xctest"; sourceTree = BUILT_PRODUCTS_DIR; };
		28292CBD2016AA4500C72236 /* Tip_CalculatorTests.swift */ = {isa = PBXFileReference; lastKnownFileType = sourcecode.swift; path = Tip_CalculatorTests.swift; sourceTree = "<group>"; };
		28292CBF2016AA4500C72236 /* Info.plist */ = {isa = PBXFileReference; lastKnownFileType = text.plist.xml; path = Info.plist; sourceTree = "<group>"; };
		28292CC42016AA4500C72236 /* Tip CalculatorUITests.xctest */ = {isa = PBXFileReference; explicitFileType = wrapper.cfbundle; includeInIndex = 0; path = "Tip CalculatorUITests.xctest"; sourceTree = BUILT_PRODUCTS_DIR; };
		28292CC82016AA4500C72236 /* Tip_CalculatorUITests.swift */ = {isa = PBXFileReference; lastKnownFileType = sourcecode.swift; path = Tip_CalculatorUITests.swift; sourceTree = "<group>"; };
		28292CCA2016AA4500C72236 /* Info.plist */ = {isa = PBXFileReference; lastKnownFileType = text.plist.xml; path = Info.plist; sourceTree = "<group>"; };
/* End PBXFileReference section */

/* Begin PBXFrameworksBuildPhase section */
		28292CA22016AA4500C72236 /* Frameworks */ = {
			isa = PBXFrameworksBuildPhase;
			buildActionMask = 2147483647;
			files = (
			);
			runOnlyForDeploymentPostprocessing = 0;
		};
		28292CB62016AA4500C72236 /* Frameworks */ = {
			isa = PBXFrameworksBuildPhase;
			buildActionMask = 2147483647;
			files = (
			);
			runOnlyForDeploymentPostprocessing = 0;
		};
		28292CC12016AA4500C72236 /* Frameworks */ = {
			isa = PBXFrameworksBuildPhase;
			buildActionMask = 2147483647;
			files = (
			);
			runOnlyForDeploymentPostprocessing = 0;
		};
/* End PBXFrameworksBuildPhase section */

/* Begin PBXGroup section */
		28292C9C2016AA4500C72236 = {
			isa = PBXGroup;
			children = (
				28292CA72016AA4500C72236 /* Tip Calculator */,
				28292CBC2016AA4500C72236 /* Tip CalculatorTests */,
				28292CC72016AA4500C72236 /* Tip CalculatorUITests */,
				28292CA62016AA4500C72236 /* Products */,
			);
			sourceTree = "<group>";
		};
		28292CA62016AA4500C72236 /* Products */ = {
			isa = PBXGroup;
			children = (
				28292CA52016AA4500C72236 /* Tip Calculator.app */,
				28292CB92016AA4500C72236 /* Tip CalculatorTests.xctest */,
				28292CC42016AA4500C72236 /* Tip CalculatorUITests.xctest */,
			);
			name = Products;
			sourceTree = "<group>";
		};
		28292CA72016AA4500C72236 /* Tip Calculator */ = {
			isa = PBXGroup;
			children = (
				28292CA82016AA4500C72236 /* AppDelegate.swift */,
				28292CAA2016AA4500C72236 /* ViewController.swift */,
				28292CAC2016AA4500C72236 /* Main.storyboard */,
				28292CAF2016AA4500C72236 /* Assets.xcassets */,
				28292CB12016AA4500C72236 /* LaunchScreen.storyboard */,
				28292CB42016AA4500C72236 /* Info.plist */,
			);
			path = "Tip Calculator";
			sourceTree = "<group>";
		};
		28292CBC2016AA4500C72236 /* Tip CalculatorTests */ = {
			isa = PBXGroup;
			children = (
				28292CBD2016AA4500C72236 /* Tip_CalculatorTests.swift */,
				28292CBF2016AA4500C72236 /* Info.plist */,
			);
			path = "Tip CalculatorTests";
			sourceTree = "<group>";
		};
		28292CC72016AA4500C72236 /* Tip CalculatorUITests */ = {
			isa = PBXGroup;
			children = (
				28292CC82016AA4500C72236 /* Tip_CalculatorUITests.swift */,
				28292CCA2016AA4500C72236 /* Info.plist */,
			);
			path = "Tip CalculatorUITests";
			sourceTree = "<group>";
		};
/* End PBXGroup section */

/* Begin PBXNativeTarget section */
		28292CA42016AA4500C72236 /* Tip Calculator */ = {
			isa = PBXNativeTarget;
			buildConfigurationList = 28292CCD2016AA4500C72236 /* Build configuration list for PBXNativeTarget "Tip Calculator" */;
			buildPhases = (
				28292CA12016AA4500C72236 /* Sources */,
				28292CA22016AA4500C72236 /* Frameworks */,
				28292CA32016AA4500C72236 /* Resources */,
			);
			buildRules = (
			);
			dependencies = (
			);
			name = "Tip Calculator";
			productName = "Tip Calculator";
			productReference = 28292CA52016AA4500C72236 /* Tip Calculator.app */;
			productType = "com.apple.product-type.application";
		};
		28292CB82016AA4500C72236 /* Tip CalculatorTests */ = {
			isa = PBXNativeTarget;
			buildConfigurationList = 28292CD02016AA4500C72236 /* Build configuration list for PBXNativeTarget "Tip CalculatorTests" */;
			buildPhases = (
				28292CB52016AA4500C72236 /* Sources */,
				28292CB62016AA4500C72236 /* Frameworks */,
				28292CB72016AA4500C72236 /* Resources */,
			);
			buildRules = (
			);
			dependencies = (
				28292CBB2016AA4500C72236 /* PBXTargetDependency */,
			);
			name = "Tip CalculatorTests";
			productName = "Tip CalculatorTests";
			productReference = 28292CB92016AA4500C72236 /* Tip CalculatorTests.xctest */;
			productType = "com.apple.product-type.bundle.unit-test";
		};
		28292CC32016AA4500C72236 /* Tip CalculatorUITests */ = {
			isa = PBXNativeTarget;
			buildConfigurationList = 28292CD32016AA4500C72236 /* Build configuration list for PBXNativeTarget "Tip CalculatorUITests" */;
			buildPhases = (
				28292CC02016AA4500C72236 /* Sources */,
				28292CC12016AA4500C72236 /* Frameworks */,
				28292CC22016AA4500C72236 /* Resources */,
			);
			buildRules = (
			);
			dependencies = (
				28292CC62016AA4500C72236 /* PBXTargetDependency */,
			);
			name = "Tip CalculatorUITests";
			productName = "Tip CalculatorUITests";
			productReference = 28292CC42016AA4500C72236 /* Tip CalculatorUITests.xctest */;
			productType = "com.apple.product-type.bundle.ui-testing";
		};
/* End PBXNativeTarget section */

/* Begin PBXProject section */
		28292C9D2016AA4500C72236 /* Project object */ = {
			isa = PBXProject;
			attributes = {
				LastSwiftUpdateCheck = 0920;
				LastUpgradeCheck = 0920;
				ORGANIZATIONNAME = "Nicole Hipolito";
				TargetAttributes = {
					28292CA42016AA4500C72236 = {
						CreatedOnToolsVersion = 9.2;
						ProvisioningStyle = Automatic;
					};
					28292CB82016AA4500C72236 = {
						CreatedOnToolsVersion = 9.2;
						ProvisioningStyle = Automatic;
						TestTargetID = 28292CA42016AA4500C72236;
					};
					28292CC32016AA4500C72236 = {
						CreatedOnToolsVersion = 9.2;
						ProvisioningStyle = Automatic;
						TestTargetID = 28292CA42016AA4500C72236;
					};
				};
			};
			buildConfigurationList = 28292CA02016AA4500C72236 /* Build configuration list for PBXProject "Tip Calculator" */;
			compatibilityVersion = "Xcode 8.0";
			developmentRegion = en;
			hasScannedForEncodings = 0;
			knownRegions = (
				en,
				Base,
			);
			mainGroup = 28292C9C2016AA4500C72236;
			productRefGroup = 28292CA62016AA4500C72236 /* Products */;
			projectDirPath = "";
			projectRoot = "";
			targets = (
				28292CA42016AA4500C72236 /* Tip Calculator */,
				28292CB82016AA4500C72236 /* Tip CalculatorTests */,
				28292CC32016AA4500C72236 /* Tip CalculatorUITests */,
			);
		};
/* End PBXProject section */

/* Begin PBXResourcesBuildPhase section */
		28292CA32016AA4500C72236 /* Resources */ = {
			isa = PBXResourcesBuildPhase;
			buildActionMask = 2147483647;
			files = (
				28292CB32016AA4500C72236 /* LaunchScreen.storyboard in Resources */,
				28292CB02016AA4500C72236 /* Assets.xcassets in Resources */,
				28292CAE2016AA4500C72236 /* Main.storyboard in Resources */,
			);
			runOnlyForDeploymentPostprocessing = 0;
		};
		28292CB72016AA4500C72236 /* Resources */ = {
			isa = PBXResourcesBuildPhase;
			buildActionMask = 2147483647;
			files = (
			);
			runOnlyForDeploymentPostprocessing = 0;
		};
		28292CC22016AA4500C72236 /* Resources */ = {
			isa = PBXResourcesBuildPhase;
			buildActionMask = 2147483647;
			files = (
			);
			runOnlyForDeploymentPostprocessing = 0;
		};
/* End PBXResourcesBuildPhase section */

/* Begin PBXSourcesBuildPhase section */
		28292CA12016AA4500C72236 /* Sources */ = {
			isa = PBXSourcesBuildPhase;
			buildActionMask = 2147483647;
			files = (
				28292CAB2016AA4500C72236 /* ViewController.swift in Sources */,
				28292CA92016AA4500C72236 /* AppDelegate.swift in Sources */,
			);
			runOnlyForDeploymentPostprocessing = 0;
		};
		28292CB52016AA4500C72236 /* Sources */ = {
			isa = PBXSourcesBuildPhase;
			buildActionMask = 2147483647;
			files = (
				28292CBE2016AA4500C72236 /* Tip_CalculatorTests.swift in Sources */,
			);
			runOnlyForDeploymentPostprocessing = 0;
		};
		28292CC02016AA4500C72236 /* Sources */ = {
			isa = PBXSourcesBuildPhase;
			buildActionMask = 2147483647;
			files = (
				28292CC92016AA4500C72236 /* Tip_CalculatorUITests.swift in Sources */,
			);
			runOnlyForDeploymentPostprocessing = 0;
		};
/* End PBXSourcesBuildPhase section */

/* Begin PBXTargetDependency section */
		28292CBB2016AA4500C72236 /* PBXTargetDependency */ = {
			isa = PBXTargetDependency;
			target = 28292CA42016AA4500C72236 /* Tip Calculator */;
			targetProxy = 28292CBA2016AA4500C72236 /* PBXContainerItemProxy */;
		};
		28292CC62016AA4500C72236 /* PBXTargetDependency */ = {
			isa = PBXTargetDependency;
			target = 28292CA42016AA4500C72236 /* Tip Calculator */;
			targetProxy = 28292CC52016AA4500C72236 /* PBXContainerItemProxy */;
		};
/* End PBXTargetDependency section */

/* Begin PBXVariantGroup section */
		28292CAC2016AA4500C72236 /* Main.storyboard */ = {
			isa = PBXVariantGroup;
			children = (
				28292CAD2016AA4500C72236 /* Base */,
			);
			name = Main.storyboard;
			sourceTree = "<group>";
		};
		28292CB12016AA4500C72236 /* LaunchScreen.storyboard */ = {
			isa = PBXVariantGroup;
			children = (
				28292CB22016AA4500C72236 /* Base */,
			);
			name = LaunchScreen.storyboard;
			sourceTree = "<group>";
		};
/* End PBXVariantGroup section */

/* Begin XCBuildConfiguration section */
		28292CCB2016AA4500C72236 /* Debug */ = {
			isa = XCBuildConfiguration;
			buildSettings = {
				ALWAYS_SEARCH_USER_PATHS = NO;
				CLANG_ANALYZER_NONNULL = YES;
				CLANG_ANALYZER_NUMBER_OBJECT_CONVERSION = YES_AGGRESSIVE;
				CLANG_CXX_LANGUAGE_STANDARD = "gnu++14";
				CLANG_CXX_LIBRARY = "libc++";
				CLANG_ENABLE_MODULES = YES;
				CLANG_ENABLE_OBJC_ARC = YES;
				CLANG_WARN_BLOCK_CAPTURE_AUTORELEASING = YES;
				CLANG_WARN_BOOL_CONVERSION = YES;
				CLANG_WARN_COMMA = YES;
				CLANG_WARN_CONSTANT_CONVERSION = YES;
				CLANG_WARN_DIRECT_OBJC_ISA_USAGE = YES_ERROR;
				CLANG_WARN_DOCUMENTATION_COMMENTS = YES;
				CLANG_WARN_EMPTY_BODY = YES;
				CLANG_WARN_ENUM_CONVERSION = YES;
				CLANG_WARN_INFINITE_RECURSION = YES;
				CLANG_WARN_INT_CONVERSION = YES;
				CLANG_WARN_NON_LITERAL_NULL_CONVERSION = YES;
				CLANG_WARN_OBJC_LITERAL_CONVERSION = YES;
				CLANG_WARN_OBJC_ROOT_CLASS = YES_ERROR;
				CLANG_WARN_RANGE_LOOP_ANALYSIS = YES;
				CLANG_WARN_STRICT_PROTOTYPES = YES;
				CLANG_WARN_SUSPICIOUS_MOVE = YES;
				CLANG_WARN_UNGUARDED_AVAILABILITY = YES_AGGRESSIVE;
				CLANG_WARN_UNREACHABLE_CODE = YES;
				CLANG_WARN__DUPLICATE_METHOD_MATCH = YES;
				CODE_SIGN_IDENTITY = "iPhone Developer";
				COPY_PHASE_STRIP = NO;
				DEBUG_INFORMATION_FORMAT = dwarf;
				ENABLE_STRICT_OBJC_MSGSEND = YES;
				ENABLE_TESTABILITY = YES;
				GCC_C_LANGUAGE_STANDARD = gnu11;
				GCC_DYNAMIC_NO_PIC = NO;
				GCC_NO_COMMON_BLOCKS = YES;
				GCC_OPTIMIZATION_LEVEL = 0;
				GCC_PREPROCESSOR_DEFINITIONS = (
					"DEBUG=1",
					"$(inherited)",
				);
				GCC_WARN_64_TO_32_BIT_CONVERSION = YES;
				GCC_WARN_ABOUT_RETURN_TYPE = YES_ERROR;
				GCC_WARN_UNDECLARED_SELECTOR = YES;
				GCC_WARN_UNINITIALIZED_AUTOS = YES_AGGRESSIVE;
				GCC_WARN_UNUSED_FUNCTION = YES;
				GCC_WARN_UNUSED_VARIABLE = YES;
				IPHONEOS_DEPLOYMENT_TARGET = 11.2;
				MTL_ENABLE_DEBUG_INFO = YES;
				ONLY_ACTIVE_ARCH = YES;
				SDKROOT = iphoneos;
				SWIFT_ACTIVE_COMPILATION_CONDITIONS = DEBUG;
				SWIFT_OPTIMIZATION_LEVEL = "-Onone";
			};
			name = Debug;
		};
		28292CCC2016AA4500C72236 /* Release */ = {
			isa = XCBuildConfiguration;
			buildSettings = {
				ALWAYS_SEARCH_USER_PATHS = NO;
				CLANG_ANALYZER_NONNULL = YES;
				CLANG_ANALYZER_NUMBER_OBJECT_CONVERSION = YES_AGGRESSIVE;
				CLANG_CXX_LANGUAGE_STANDARD = "gnu++14";
				CLANG_CXX_LIBRARY = "libc++";
				CLANG_ENABLE_MODULES = YES;
				CLANG_ENABLE_OBJC_ARC = YES;
				CLANG_WARN_BLOCK_CAPTURE_AUTORELEASING = YES;
				CLANG_WARN_BOOL_CONVERSION = YES;
				CLANG_WARN_COMMA = YES;
				CLANG_WARN_CONSTANT_CONVERSION = YES;
				CLANG_WARN_DIRECT_OBJC_ISA_USAGE = YES_ERROR;
				CLANG_WARN_DOCUMENTATION_COMMENTS = YES;
				CLANG_WARN_EMPTY_BODY = YES;
				CLANG_WARN_ENUM_CONVERSION = YES;
				CLANG_WARN_INFINITE_RECURSION = YES;
				CLANG_WARN_INT_CONVERSION = YES;
				CLANG_WARN_NON_LITERAL_NULL_CONVERSION = YES;
				CLANG_WARN_OBJC_LITERAL_CONVERSION = YES;
				CLANG_WARN_OBJC_ROOT_CLASS = YES_ERROR;
				CLANG_WARN_RANGE_LOOP_ANALYSIS = YES;
				CLANG_WARN_STRICT_PROTOTYPES = YES;
				CLANG_WARN_SUSPICIOUS_MOVE = YES;
				CLANG_WARN_UNGUARDED_AVAILABILITY = YES_AGGRESSIVE;
				CLANG_WARN_UNREACHABLE_CODE = YES;
				CLANG_WARN__DUPLICATE_METHOD_MATCH = YES;
				CODE_SIGN_IDENTITY = "iPhone Developer";
				COPY_PHASE_STRIP = NO;
				DEBUG_INFORMATION_FORMAT = "dwarf-with-dsym";
				ENABLE_NS_ASSERTIONS = NO;
				ENABLE_STRICT_OBJC_MSGSEND = YES;
				GCC_C_LANGUAGE_STANDARD = gnu11;
				GCC_NO_COMMON_BLOCKS = YES;
				GCC_WARN_64_TO_32_BIT_CONVERSION = YES;
				GCC_WARN_ABOUT_RETURN_TYPE = YES_ERROR;
				GCC_WARN_UNDECLARED_SELECTOR = YES;
				GCC_WARN_UNINITIALIZED_AUTOS = YES_AGGRESSIVE;
				GCC_WARN_UNUSED_FUNCTION = YES;
				GCC_WARN_UNUSED_VARIABLE = YES;
				IPHONEOS_DEPLOYMENT_TARGET = 11.2;
				MTL_ENABLE_DEBUG_INFO = NO;
				SDKROOT = iphoneos;
				SWIFT_OPTIMIZATION_LEVEL = "-Owholemodule";
				VALIDATE_PRODUCT = YES;
			};
			name = Release;
		};
		28292CCE2016AA4500C72236 /* Debug */ = {
			isa = XCBuildConfiguration;
			buildSettings = {
				ASSETCATALOG_COMPILER_APPICON_NAME = AppIcon;
				CODE_SIGN_STYLE = Automatic;
				INFOPLIST_FILE = "Tip Calculator/Info.plist";
				IPHONEOS_DEPLOYMENT_TARGET = 10.1;
				LD_RUNPATH_SEARCH_PATHS = "$(inherited) @executable_path/Frameworks";
				PRODUCT_BUNDLE_IDENTIFIER = "CSUMB.Tip-Calculator";
				PRODUCT_NAME = "$(TARGET_NAME)";
				SWIFT_VERSION = 4.0;
				TARGETED_DEVICE_FAMILY = 1;
			};
			name = Debug;
		};
		28292CCF2016AA4500C72236 /* Release */ = {
			isa = XCBuildConfiguration;
			buildSettings = {
				ASSETCATALOG_COMPILER_APPICON_NAME = AppIcon;
				CODE_SIGN_STYLE = Automatic;
				INFOPLIST_FILE = "Tip Calculator/Info.plist";
				IPHONEOS_DEPLOYMENT_TARGET = 10.1;
				LD_RUNPATH_SEARCH_PATHS = "$(inherited) @executable_path/Frameworks";
				PRODUCT_BUNDLE_IDENTIFIER = "CSUMB.Tip-Calculator";
				PRODUCT_NAME = "$(TARGET_NAME)";
				SWIFT_VERSION = 4.0;
				TARGETED_DEVICE_FAMILY = 1;
			};
			name = Release;
		};
		28292CD12016AA4500C72236 /* Debug */ = {
			isa = XCBuildConfiguration;
			buildSettings = {
				ALWAYS_EMBED_SWIFT_STANDARD_LIBRARIES = YES;
				BUNDLE_LOADER = "$(TEST_HOST)";
				CODE_SIGN_STYLE = Automatic;
				INFOPLIST_FILE = "Tip CalculatorTests/Info.plist";
				LD_RUNPATH_SEARCH_PATHS = "$(inherited) @executable_path/Frameworks @loader_path/Frameworks";
				PRODUCT_BUNDLE_IDENTIFIER = "CSUMB.Tip-CalculatorTests";
				PRODUCT_NAME = "$(TARGET_NAME)";
				SWIFT_VERSION = 4.0;
				TARGETED_DEVICE_FAMILY = "1,2";
				TEST_HOST = "$(BUILT_PRODUCTS_DIR)/Tip Calculator.app/Tip Calculator";
			};
			name = Debug;
		};
		28292CD22016AA4500C72236 /* Release */ = {
			isa = XCBuildConfiguration;
			buildSettings = {
				ALWAYS_EMBED_SWIFT_STANDARD_LIBRARIES = YES;
				BUNDLE_LOADER = "$(TEST_HOST)";
				CODE_SIGN_STYLE = Automatic;
				INFOPLIST_FILE = "Tip CalculatorTests/Info.plist";
				LD_RUNPATH_SEARCH_PATHS = "$(inherited) @executable_path/Frameworks @loader_path/Frameworks";
				PRODUCT_BUNDLE_IDENTIFIER = "CSUMB.Tip-CalculatorTests";
				PRODUCT_NAME = "$(TARGET_NAME)";
				SWIFT_VERSION = 4.0;
				TARGETED_DEVICE_FAMILY = "1,2";
				TEST_HOST = "$(BUILT_PRODUCTS_DIR)/Tip Calculator.app/Tip Calculator";
			};
			name = Release;
		};
		28292CD42016AA4500C72236 /* Debug */ = {
			isa = XCBuildConfiguration;
			buildSettings = {
				ALWAYS_EMBED_SWIFT_STANDARD_LIBRARIES = YES;
				CODE_SIGN_STYLE = Automatic;
				INFOPLIST_FILE = "Tip CalculatorUITests/Info.plist";
				LD_RUNPATH_SEARCH_PATHS = "$(inherited) @executable_path/Frameworks @loader_path/Frameworks";
				PRODUCT_BUNDLE_IDENTIFIER = "CSUMB.Tip-CalculatorUITests";
				PRODUCT_NAME = "$(TARGET_NAME)";
				SWIFT_VERSION = 4.0;
				TARGETED_DEVICE_FAMILY = "1,2";
				TEST_TARGET_NAME = "Tip Calculator";
			};
			name = Debug;
		};
		28292CD52016AA4500C72236 /* Release */ = {
			isa = XCBuildConfiguration;
			buildSettings = {
				ALWAYS_EMBED_SWIFT_STANDARD_LIBRARIES = YES;
				CODE_SIGN_STYLE = Automatic;
				INFOPLIST_FILE = "Tip CalculatorUITests/Info.plist";
				LD_RUNPATH_SEARCH_PATHS = "$(inherited) @executable_path/Frameworks @loader_path/Frameworks";
				PRODUCT_BUNDLE_IDENTIFIER = "CSUMB.Tip-CalculatorUITests";
				PRODUCT_NAME = "$(TARGET_NAME)";
				SWIFT_VERSION = 4.0;
				TARGETED_DEVICE_FAMILY = "1,2";
				TEST_TARGET_NAME = "Tip Calculator";
			};
			name = Release;
		};
/* End XCBuildConfiguration section */

/* Begin XCConfigurationList section */
		28292CA02016AA4500C72236 /* Build configuration list for PBXProject "Tip Calculator" */ = {
			isa = XCConfigurationList;
			buildConfigurations = (
				28292CCB2016AA4500C72236 /* Debug */,
				28292CCC2016AA4500C72236 /* Release */,
			);
			defaultConfigurationIsVisible = 0;
			defaultConfigurationName = Release;
		};
		28292CCD2016AA4500C72236 /* Build configuration list for PBXNativeTarget "Tip Calculator" */ = {
			isa = XCConfigurationList;
			buildConfigurations = (
				28292CCE2016AA4500C72236 /* Debug */,
				28292CCF2016AA4500C72236 /* Release */,
			);
			defaultConfigurationIsVisible = 0;
			defaultConfigurationName = Release;
		};
		28292CD02016AA4500C72236 /* Build configuration list for PBXNativeTarget "Tip CalculatorTests" */ = {
			isa = XCConfigurationList;
			buildConfigurations = (
				28292CD12016AA4500C72236 /* Debug */,
				28292CD22016AA4500C72236 /* Release */,
			);
			defaultConfigurationIsVisible = 0;
			defaultConfigurationName = Release;
		};
		28292CD32016AA4500C72236 /* Build configuration list for PBXNativeTarget "Tip CalculatorUITests" */ = {
			isa = XCConfigurationList;
			buildConfigurations = (
				28292CD42016AA4500C72236 /* Debug */,
				28292CD52016AA4500C72236 /* Release */,
			);
			defaultConfigurationIsVisible = 0;
			defaultConfigurationName = Release;
		};
/* End XCConfigurationList section */
	};
	rootObject = 28292C9D2016AA4500C72236 /* Project object */;
}
